
Microsoft Visual Studio Solution File, Format Version 12.00
# Visual Studio Version 16
VisualStudioVersion = 16.0.30717.126
MinimumVisualStudioVersion = 10.0.40219.1
Project("{9A19103F-16F7-4668-BE54-9A1E7A4F7556}") = "Stats.Lib", "Stats.Lib\Stats.Lib.csproj", "{79897B1B-E1FC-4A59-8450-73995AD5DE38}"
EndProject
Project("{FAE04EC0-301F-11D3-BF4B-00C04F79EFBC}") = "Stats.App", "Stats.App\Stats.App.csproj", "{CBC977B6-B61E-4997-98CD-AB7670999A05}"
EndProject
Project("{FAE04EC0-301F-11D3-BF4B-00C04F79EFBC}") = "Stats.Lib.Tests", "Stats.Lib.Tests\Stats.Lib.Tests.csproj", "{D95E5C88-3C79-44F5-9898-96D5040080F6}"
EndProject
Global
	GlobalSection(SolutionConfigurationPlatforms) = preSolution
		Debug|Any CPU = Debug|Any CPU
		Release|Any CPU = Release|Any CPU
	EndGlobalSection
	GlobalSection(ProjectConfigurationPlatforms) = postSolution
		{79897B1B-E1FC-4A59-8450-73995AD5DE38}.Debug|Any CPU.ActiveCfg = Debug|Any CPU
		{79897B1B-E1FC-4A59-8450-73995AD5DE38}.Debug|Any CPU.Build.0 = Debug|Any CPU
		{79897B1B-E1FC-4A59-8450-73995AD5DE38}.Release|Any CPU.ActiveCfg = Release|Any CPU
		{79897B1B-E1FC-4A59-8450-73995AD5DE38}.Release|Any CPU.Build.0 = Release|Any CPU
		{CBC977B6-B61E-4997-98CD-AB7670999A05}.Debug|Any CPU.ActiveCfg = Debug|Any CPU
		{CBC977B6-B61E-4997-98CD-AB7670999A05}.Debug|Any CPU.Build.0 = Debug|Any CPU
		{CBC977B6-B61E-4997-98CD-AB7670999A05}.Release|Any CPU.ActiveCfg = Release|Any CPU
		{CBC977B6-B61E-4997-98CD-AB7670999A05}.Release|Any CPU.Build.0 = Release|Any CPU
		{D95E5C88-3C79-44F5-9898-96D5040080F6}.Debug|Any CPU.ActiveCfg = Debug|Any CPU
		{D95E5C88-3C79-44F5-9898-96D5040080F6}.Debug|Any CPU.Build.0 = Debug|Any CPU
		{D95E5C88-3C79-44F5-9898-96D5040080F6}.Release|Any CPU.ActiveCfg = Release|Any CPU
		{D95E5C88-3C79-44F5-9898-96D5040080F6}.Release|Any CPU.Build.0 = Release|Any CPU
	EndGlobalSection
	GlobalSection(SolutionProperties) = preSolution
		HideSolutionNode = FALSE
	EndGlobalSection
	GlobalSection(ExtensibilityGlobals) = postSolution
		SolutionGuid = {4867A829-0F83-4D0D-AE08-87485BA55D33}
	EndGlobalSection
EndGlobal
